
Microsoft Visual Studio Solution File, Format Version 12.00
# Visual Studio 15
VisualStudioVersion = 15.0.26403.3
MinimumVisualStudioVersion = 10.0.40219.1
Project("{FAE04EC0-301F-11D3-BF4B-00C04F79EFBC}") = "BTSnoop.Android", "BTSnoop\BTSnoop.Android\BTSnoop.Android.csproj", "{9EA44B53-32FA-4852-9E88-ECDF9275DBA9}"
EndProject
Project("{FAE04EC0-301F-11D3-BF4B-00C04F79EFBC}") = "BTSnoop", "BTSnoop\BTSnoop\BTSnoop.csproj", "{167C72DB-1283-4EF9-A4BC-FF986BB4DB77}"
EndProject
Project("{FAE04EC0-301F-11D3-BF4B-00C04F79EFBC}") = "BTSnoop.iOS", "BTSnoop\BTSnoop.iOS\BTSnoop.iOS.csproj", "{C08C9613-C674-4221-8921-56C8F1D1070B}"
EndProject
Global
	GlobalSection(SolutionConfigurationPlatforms) = preSolution
		Ad-Hoc|Any CPU = Ad-Hoc|Any CPU
		Ad-Hoc|iPhone = Ad-Hoc|iPhone
		Ad-Hoc|iPhoneSimulator = Ad-Hoc|iPhoneSimulator
		AppStore|Any CPU = AppStore|Any CPU
		AppStore|iPhone = AppStore|iPhone
		AppStore|iPhoneSimulator = AppStore|iPhoneSimulator
		Debug|Any CPU = Debug|Any CPU
		Debug|iPhone = Debug|iPhone
		Debug|iPhoneSimulator = Debug|iPhoneSimulator
		Release|Any CPU = Release|Any CPU
		Release|iPhone = Release|iPhone
		Release|iPhoneSimulator = Release|iPhoneSimulator
	EndGlobalSection
	GlobalSection(ProjectConfigurationPlatforms) = postSolution
		{9EA44B53-32FA-4852-9E88-ECDF9275DBA9}.Ad-Hoc|Any CPU.ActiveCfg = Release|Any CPU
		{9EA44B53-32FA-4852-9E88-ECDF9275DBA9}.Ad-Hoc|Any CPU.Build.0 = Release|Any CPU
		{9EA44B53-32FA-4852-9E88-ECDF9275DBA9}.Ad-Hoc|Any CPU.Deploy.0 = Release|Any CPU
		{9EA44B53-32FA-4852-9E88-ECDF9275DBA9}.Ad-Hoc|iPhone.ActiveCfg = Release|Any CPU
		{9EA44B53-32FA-4852-9E88-ECDF9275DBA9}.Ad-Hoc|iPhone.Build.0 = Release|Any CPU
		{9EA44B53-32FA-4852-9E88-ECDF9275DBA9}.Ad-Hoc|iPhone.Deploy.0 = Release|Any CPU
		{9EA44B53-32FA-4852-9E88-ECDF9275DBA9}.Ad-Hoc|iPhoneSimulator.ActiveCfg = Release|Any CPU
		{9EA44B53-32FA-4852-9E88-ECDF9275DBA9}.Ad-Hoc|iPhoneSimulator.Build.0 = Release|Any CPU
		{9EA44B53-32FA-4852-9E88-ECDF9275DBA9}.Ad-Hoc|iPhoneSimulator.Deploy.0 = Release|Any CPU
		{9EA44B53-32FA-4852-9E88-ECDF9275DBA9}.AppStore|Any CPU.ActiveCfg = Release|Any CPU
		{9EA44B53-32FA-4852-9E88-ECDF9275DBA9}.AppStore|Any CPU.Build.0 = Release|Any CPU
		{9EA44B53-32FA-4852-9E88-ECDF9275DBA9}.AppStore|Any CPU.Deploy.0 = Release|Any CPU
		{9EA44B53-32FA-4852-9E88-ECDF9275DBA9}.AppStore|iPhone.ActiveCfg = Release|Any CPU
		{9EA44B53-32FA-4852-9E88-ECDF9275DBA9}.AppStore|iPhone.Build.0 = Release|Any CPU
		{9EA44B53-32FA-4852-9E88-ECDF9275DBA9}.AppStore|iPhone.Deploy.0 = Release|Any CPU
		{9EA44B53-32FA-4852-9E88-ECDF9275DBA9}.AppStore|iPhoneSimulator.ActiveCfg = Release|Any CPU
		{9EA44B53-32FA-4852-9E88-ECDF9275DBA9}.AppStore|iPhoneSimulator.Build.0 = Release|Any CPU
		{9EA44B53-32FA-4852-9E88-ECDF9275DBA9}.AppStore|iPhoneSimulator.Deploy.0 = Release|Any CPU
		{9EA44B53-32FA-4852-9E88-ECDF9275DBA9}.Debug|Any CPU.ActiveCfg = Debug|Any CPU
		{9EA44B53-32FA-4852-9E88-ECDF9275DBA9}.Debug|Any CPU.Build.0 = Debug|Any CPU
		{9EA44B53-32FA-4852-9E88-ECDF9275DBA9}.Debug|Any CPU.Deploy.0 = Debug|Any CPU
		{9EA44B53-32FA-4852-9E88-ECDF9275DBA9}.Debug|iPhone.ActiveCfg = Debug|Any CPU
		{9EA44B53-32FA-4852-9E88-ECDF9275DBA9}.Debug|iPhone.Build.0 = Debug|Any CPU
		{9EA44B53-32FA-4852-9E88-ECDF9275DBA9}.Debug|iPhone.Deploy.0 = Debug|Any CPU
		{9EA44B53-32FA-4852-9E88-ECDF9275DBA9}.Debug|iPhoneSimulator.ActiveCfg = Debug|Any CPU
		{9EA44B53-32FA-4852-9E88-ECDF9275DBA9}.Debug|iPhoneSimulator.Build.0 = Debug|Any CPU
		{9EA44B53-32FA-4852-9E88-ECDF9275DBA9}.Debug|iPhoneSimulator.Deploy.0 = Debug|Any CPU
		{9EA44B53-32FA-4852-9E88-ECDF9275DBA9}.Release|Any CPU.ActiveCfg = Release|Any CPU
		{9EA44B53-32FA-4852-9E88-ECDF9275DBA9}.Release|Any CPU.Build.0 = Release|Any CPU
		{9EA44B53-32FA-4852-9E88-ECDF9275DBA9}.Release|Any CPU.Deploy.0 = Release|Any CPU
		{9EA44B53-32FA-4852-9E88-ECDF9275DBA9}.Release|iPhone.ActiveCfg = Release|Any CPU
		{9EA44B53-32FA-4852-9E88-ECDF9275DBA9}.Release|iPhone.Build.0 = Release|Any CPU
		{9EA44B53-32FA-4852-9E88-ECDF9275DBA9}.Release|iPhone.Deploy.0 = Release|Any CPU
		{9EA44B53-32FA-4852-9E88-ECDF9275DBA9}.Release|iPhoneSimulator.ActiveCfg = Release|Any CPU
		{9EA44B53-32FA-4852-9E88-ECDF9275DBA9}.Release|iPhoneSimulator.Build.0 = Release|Any CPU
		{9EA44B53-32FA-4852-9E88-ECDF9275DBA9}.Release|iPhoneSimulator.Deploy.0 = Release|Any CPU
		{167C72DB-1283-4EF9-A4BC-FF986BB4DB77}.Ad-Hoc|Any CPU.ActiveCfg = Release|Any CPU
		{167C72DB-1283-4EF9-A4BC-FF986BB4DB77}.Ad-Hoc|Any CPU.Build.0 = Release|Any CPU
		{167C72DB-1283-4EF9-A4BC-FF986BB4DB77}.Ad-Hoc|iPhone.ActiveCfg = Release|Any CPU
		{167C72DB-1283-4EF9-A4BC-FF986BB4DB77}.Ad-Hoc|iPhone.Build.0 = Release|Any CPU
		{167C72DB-1283-4EF9-A4BC-FF986BB4DB77}.Ad-Hoc|iPhoneSimulator.ActiveCfg = Release|Any CPU
		{167C72DB-1283-4EF9-A4BC-FF986BB4DB77}.Ad-Hoc|iPhoneSimulator.Build.0 = Release|Any CPU
		{167C72DB-1283-4EF9-A4BC-FF986BB4DB77}.AppStore|Any CPU.ActiveCfg = Release|Any CPU
		{167C72DB-1283-4EF9-A4BC-FF986BB4DB77}.AppStore|Any CPU.Build.0 = Release|Any CPU
		{167C72DB-1283-4EF9-A4BC-FF986BB4DB77}.AppStore|iPhone.ActiveCfg = Release|Any CPU
		{167C72DB-1283-4EF9-A4BC-FF986BB4DB77}.AppStore|iPhone.Build.0 = Release|Any CPU
		{167C72DB-1283-4EF9-A4BC-FF986BB4DB77}.AppStore|iPhoneSimulator.ActiveCfg = Release|Any CPU
		{167C72DB-1283-4EF9-A4BC-FF986BB4DB77}.AppStore|iPhoneSimulator.Build.0 = Release|Any CPU
		{167C72DB-1283-4EF9-A4BC-FF986BB4DB77}.Debug|Any CPU.ActiveCfg = Debug|Any CPU
		{167C72DB-1283-4EF9-A4BC-FF986BB4DB77}.Debug|Any CPU.Build.0 = Debug|Any CPU
		{167C72DB-1283-4EF9-A4BC-FF986BB4DB77}.Debug|iPhone.ActiveCfg = Debug|Any CPU
		{167C72DB-1283-4EF9-A4BC-FF986BB4DB77}.Debug|iPhone.Build.0 = Debug|Any CPU
		{167C72DB-1283-4EF9-A4BC-FF986BB4DB77}.Debug|iPhoneSimulator.ActiveCfg = Debug|Any CPU
		{167C72DB-1283-4EF9-A4BC-FF986BB4DB77}.Debug|iPhoneSimulator.Build.0 = Debug|Any CPU
		{167C72DB-1283-4EF9-A4BC-FF986BB4DB77}.Release|Any CPU.ActiveCfg = Release|Any CPU
		{167C72DB-1283-4EF9-A4BC-FF986BB4DB77}.Release|Any CPU.Build.0 = Release|Any CPU
		{167C72DB-1283-4EF9-A4BC-FF986BB4DB77}.Release|iPhone.ActiveCfg = Release|Any CPU
		{167C72DB-1283-4EF9-A4BC-FF986BB4DB77}.Release|iPhone.Build.0 = Release|Any CPU
		{167C72DB-1283-4EF9-A4BC-FF986BB4DB77}.Release|iPhoneSimulator.ActiveCfg = Release|Any CPU
		{167C72DB-1283-4EF9-A4BC-FF986BB4DB77}.Release|iPhoneSimulator.Build.0 = Release|Any CPU
		{C08C9613-C674-4221-8921-56C8F1D1070B}.Ad-Hoc|Any CPU.ActiveCfg = Ad-Hoc|iPhone
		{C08C9613-C674-4221-8921-56C8F1D1070B}.Ad-Hoc|iPhone.ActiveCfg = Ad-Hoc|iPhone
		{C08C9613-C674-4221-8921-56C8F1D1070B}.Ad-Hoc|iPhone.Build.0 = Ad-Hoc|iPhone
		{C08C9613-C674-4221-8921-56C8F1D1070B}.Ad-Hoc|iPhoneSimulator.ActiveCfg = Ad-Hoc|iPhoneSimulator
		{C08C9613-C674-4221-8921-56C8F1D1070B}.Ad-Hoc|iPhoneSimulator.Build.0 = Ad-Hoc|iPhoneSimulator
		{C08C9613-C674-4221-8921-56C8F1D1070B}.AppStore|Any CPU.ActiveCfg = AppStore|iPhone
		{C08C9613-C674-4221-8921-56C8F1D1070B}.AppStore|iPhone.ActiveCfg = AppStore|iPhone
		{C08C9613-C674-4221-8921-56C8F1D1070B}.AppStore|iPhone.Build.0 = AppStore|iPhone
		{C08C9613-C674-4221-8921-56C8F1D1070B}.AppStore|iPhoneSimulator.ActiveCfg = AppStore|iPhoneSimulator
		{C08C9613-C674-4221-8921-56C8F1D1070B}.AppStore|iPhoneSimulator.Build.0 = AppStore|iPhoneSimulator
		{C08C9613-C674-4221-8921-56C8F1D1070B}.Debug|Any CPU.ActiveCfg = Debug|iPhone
		{C08C9613-C674-4221-8921-56C8F1D1070B}.Debug|iPhone.ActiveCfg = Debug|iPhone
		{C08C9613-C674-4221-8921-56C8F1D1070B}.Debug|iPhone.Build.0 = Debug|iPhone
		{C08C9613-C674-4221-8921-56C8F1D1070B}.Debug|iPhoneSimulator.ActiveCfg = Debug|iPhoneSimulator
		{C08C9613-C674-4221-8921-56C8F1D1070B}.Debug|iPhoneSimulator.Build.0 = Debug|iPhoneSimulator
		{C08C9613-C674-4221-8921-56C8F1D1070B}.Release|Any CPU.ActiveCfg = Release|iPhone
		{C08C9613-C674-4221-8921-56C8F1D1070B}.Release|iPhone.ActiveCfg = Release|iPhone
		{C08C9613-C674-4221-8921-56C8F1D1070B}.Release|iPhone.Build.0 = Release|iPhone
		{C08C9613-C674-4221-8921-56C8F1D1070B}.Release|iPhoneSimulator.ActiveCfg = Release|iPhoneSimulator
		{C08C9613-C674-4221-8921-56C8F1D1070B}.Release|iPhoneSimulator.Build.0 = Release|iPhoneSimulator
	EndGlobalSection
	GlobalSection(SolutionProperties) = preSolution
		HideSolutionNode = FALSE
	EndGlobalSection
EndGlobal
